
Microsoft Visual Studio Solution File, Format Version 12.00
# Visual Studio Version 16
VisualStudioVersion = 16.0.31702.278
MinimumVisualStudioVersion = 10.0.40219.1
Project("{FAE04EC0-301F-11D3-BF4B-00C04F79EFBC}") = "PeruStars_2", "PeruStars_2\PeruStars_2.csproj", "{2152A96C-0347-4F4A-A73C-2487BAB1270F}"
EndProject
Global
	GlobalSection(SolutionConfigurationPlatforms) = preSolution
		Debug|Any CPU = Debug|Any CPU
		Release|Any CPU = Release|Any CPU
	EndGlobalSection
	GlobalSection(ProjectConfigurationPlatforms) = postSolution
		{2152A96C-0347-4F4A-A73C-2487BAB1270F}.Debug|Any CPU.ActiveCfg = Debug|Any CPU
		{2152A96C-0347-4F4A-A73C-2487BAB1270F}.Debug|Any CPU.Build.0 = Debug|Any CPU
		{2152A96C-0347-4F4A-A73C-2487BAB1270F}.Release|Any CPU.ActiveCfg = Release|Any CPU
		{2152A96C-0347-4F4A-A73C-2487BAB1270F}.Release|Any CPU.Build.0 = Release|Any CPU
	EndGlobalSection
	GlobalSection(SolutionProperties) = preSolution
		HideSolutionNode = FALSE
	EndGlobalSection
	GlobalSection(ExtensibilityGlobals) = postSolution
		SolutionGuid = {EA2053D1-96DD-4934-B4F1-B9B2710ACAC5}
	EndGlobalSection
EndGlobal
